
Microsoft Visual Studio Solution File, Format Version 12.00
# Visual Studio Version 17
VisualStudioVersion = 17.9.34728.123
MinimumVisualStudioVersion = 10.0.40219.1
Project("{FAE04EC0-301F-11D3-BF4B-00C04F79EFBC}") = "BulkyWeb", "BulkyWeb\BulkyWeb.csproj", "{22FBAA09-383E-4A6F-97C1-F5C561C853E9}"
EndProject
Global
	GlobalSection(SolutionConfigurationPlatforms) = preSolution
		Debug|Any CPU = Debug|Any CPU
		Release|Any CPU = Release|Any CPU
	EndGlobalSection
	GlobalSection(ProjectConfigurationPlatforms) = postSolution
		{22FBAA09-383E-4A6F-97C1-F5C561C853E9}.Debug|Any CPU.ActiveCfg = Debug|Any CPU
		{22FBAA09-383E-4A6F-97C1-F5C561C853E9}.Debug|Any CPU.Build.0 = Debug|Any CPU
		{22FBAA09-383E-4A6F-97C1-F5C561C853E9}.Release|Any CPU.ActiveCfg = Release|Any CPU
		{22FBAA09-383E-4A6F-97C1-F5C561C853E9}.Release|Any CPU.Build.0 = Release|Any CPU
	EndGlobalSection
	GlobalSection(SolutionProperties) = preSolution
		HideSolutionNode = FALSE
	EndGlobalSection
	GlobalSection(ExtensibilityGlobals) = postSolution
		SolutionGuid = {E853295B-5D31-4ED6-A688-BD8A9483E48B}
	EndGlobalSection
EndGlobal
